
Microsoft Visual Studio Solution File, Format Version 12.00
# Visual Studio Version 16
VisualStudioVersion = 16.0.30503.244
MinimumVisualStudioVersion = 10.0.40219.1
Project("{FAE04EC0-301F-11D3-BF4B-00C04F79EFBC}") = "PDFWeb", "PDFWeb\PDFWeb.csproj", "{BA23183B-4EE4-4283-BE03-EEA089A4ADD1}"
EndProject
Project("{FAE04EC0-301F-11D3-BF4B-00C04F79EFBC}") = "Gmap", "Gmap\Gmap.csproj", "{5C6ADE3A-A064-4FE8-800B-B3AB40780EE3}"
EndProject
Global
	GlobalSection(SolutionConfigurationPlatforms) = preSolution
		Debug|Any CPU = Debug|Any CPU
		Release|Any CPU = Release|Any CPU
	EndGlobalSection
	GlobalSection(ProjectConfigurationPlatforms) = postSolution
		{BA23183B-4EE4-4283-BE03-EEA089A4ADD1}.Debug|Any CPU.ActiveCfg = Debug|Any CPU
		{BA23183B-4EE4-4283-BE03-EEA089A4ADD1}.Debug|Any CPU.Build.0 = Debug|Any CPU
		{BA23183B-4EE4-4283-BE03-EEA089A4ADD1}.Release|Any CPU.ActiveCfg = Release|Any CPU
		{BA23183B-4EE4-4283-BE03-EEA089A4ADD1}.Release|Any CPU.Build.0 = Release|Any CPU
		{5C6ADE3A-A064-4FE8-800B-B3AB40780EE3}.Debug|Any CPU.ActiveCfg = Debug|Any CPU
		{5C6ADE3A-A064-4FE8-800B-B3AB40780EE3}.Debug|Any CPU.Build.0 = Debug|Any CPU
		{5C6ADE3A-A064-4FE8-800B-B3AB40780EE3}.Release|Any CPU.ActiveCfg = Release|Any CPU
		{5C6ADE3A-A064-4FE8-800B-B3AB40780EE3}.Release|Any CPU.Build.0 = Release|Any CPU
	EndGlobalSection
	GlobalSection(SolutionProperties) = preSolution
		HideSolutionNode = FALSE
	EndGlobalSection
	GlobalSection(ExtensibilityGlobals) = postSolution
		SolutionGuid = {4AB2D3FE-B06C-450C-8799-D20651196C88}
	EndGlobalSection
EndGlobal
